
Microsoft Visual Studio Solution File, Format Version 12.00
# Visual Studio Version 17
VisualStudioVersion = 17.0.31903.59
MinimumVisualStudioVersion = 10.0.40219.1
Project("{FAE04EC0-301F-11D3-BF4B-00C04F79EFBC}") = "Bossolani.Products", "src\Bossolani.Products.csproj", "{9B9BC3F9-3FDD-4919-A382-D0F4D6DF78C1}"
EndProject
Project("{FAE04EC0-301F-11D3-BF4B-00C04F79EFBC}") = "Bossolani.Products.Tests", "test\Bossolani.Products.Tests.csproj", "{DA9626A7-A220-4C81-872C-3A5EF47CE15C}"
EndProject
Global
	GlobalSection(SolutionConfigurationPlatforms) = preSolution
		Debug|Any CPU = Debug|Any CPU
		Release|Any CPU = Release|Any CPU
	EndGlobalSection
	GlobalSection(SolutionProperties) = preSolution
		HideSolutionNode = FALSE
	EndGlobalSection
	GlobalSection(ProjectConfigurationPlatforms) = postSolution
		{9B9BC3F9-3FDD-4919-A382-D0F4D6DF78C1}.Debug|Any CPU.ActiveCfg = Debug|Any CPU
		{9B9BC3F9-3FDD-4919-A382-D0F4D6DF78C1}.Debug|Any CPU.Build.0 = Debug|Any CPU
		{9B9BC3F9-3FDD-4919-A382-D0F4D6DF78C1}.Release|Any CPU.ActiveCfg = Release|Any CPU
		{9B9BC3F9-3FDD-4919-A382-D0F4D6DF78C1}.Release|Any CPU.Build.0 = Release|Any CPU
		{DA9626A7-A220-4C81-872C-3A5EF47CE15C}.Debug|Any CPU.ActiveCfg = Debug|Any CPU
		{DA9626A7-A220-4C81-872C-3A5EF47CE15C}.Debug|Any CPU.Build.0 = Debug|Any CPU
		{DA9626A7-A220-4C81-872C-3A5EF47CE15C}.Release|Any CPU.ActiveCfg = Release|Any CPU
		{DA9626A7-A220-4C81-872C-3A5EF47CE15C}.Release|Any CPU.Build.0 = Release|Any CPU
	EndGlobalSection
EndGlobal
